// !$*UTF8*$!
{
	archiveVersion = 1;
	classes = {
	};
	objectVersion = 56;
	objects = {

/* Begin PBXBuildFile section */
		B10C6DE52BA28A970011F1C7 /* SearchViewModel.swift in Sources */ = {isa = PBXBuildFile; fileRef = B10C6DE42BA28A970011F1C7 /* SearchViewModel.swift */; };
		B15B3D642B9A84DE002D708A /* SnapKit in Frameworks */ = {isa = PBXBuildFile; productRef = B15B3D632B9A84DE002D708A /* SnapKit */; };
		B15B3D662B9A84DE002D708A /* SnapKit-Dynamic in Frameworks */ = {isa = PBXBuildFile; productRef = B15B3D652B9A84DE002D708A /* SnapKit-Dynamic */; };
		B15B3D682B9AAF3C002D708A /* CustomCollectionViewCell.swift in Sources */ = {isa = PBXBuildFile; fileRef = B15B3D672B9AAF3C002D708A /* CustomCollectionViewCell.swift */; };
		B15B3D6A2B9AC803002D708A /* SearchModel.swift in Sources */ = {isa = PBXBuildFile; fileRef = B15B3D692B9AC803002D708A /* SearchModel.swift */; };
		B15B3D6C2B9AC837002D708A /* FetchItunesApi.swift in Sources */ = {isa = PBXBuildFile; fileRef = B15B3D6B2B9AC837002D708A /* FetchItunesApi.swift */; };
		B16A7B762BBC3E2400D5EA4A /* BaseControllerProtocol.swift in Sources */ = {isa = PBXBuildFile; fileRef = B16A7B752BBC3E2400D5EA4A /* BaseControllerProtocol.swift */; };
		B17649202B9A7F2700D01241 /* AppDelegate.swift in Sources */ = {isa = PBXBuildFile; fileRef = B176491F2B9A7F2700D01241 /* AppDelegate.swift */; };
		B17649222B9A7F2700D01241 /* SceneDelegate.swift in Sources */ = {isa = PBXBuildFile; fileRef = B17649212B9A7F2700D01241 /* SceneDelegate.swift */; };
		B17649292B9A7F2800D01241 /* Assets.xcassets in Resources */ = {isa = PBXBuildFile; fileRef = B17649282B9A7F2800D01241 /* Assets.xcassets */; };
		B176492C2B9A7F2800D01241 /* Base in Resources */ = {isa = PBXBuildFile; fileRef = B176492B2B9A7F2800D01241 /* Base */; };
		B17649342B9A820F00D01241 /* SearchViewController.swift in Sources */ = {isa = PBXBuildFile; fileRef = B17649332B9A820F00D01241 /* SearchViewController.swift */; };
		B18F25D72BBF7B2800C824EE /* BaseViewController.swift in Sources */ = {isa = PBXBuildFile; fileRef = B18F25D62BBF7B2800C824EE /* BaseViewController.swift */; };
		B18F25D92BBF7B7A00C824EE /* BaseViewControllerProtocol.swift in Sources */ = {isa = PBXBuildFile; fileRef = B18F25D82BBF7B7A00C824EE /* BaseViewControllerProtocol.swift */; };
		B18F25DB2BBF7C1700C824EE /* LoadingStatusProtocol.swift in Sources */ = {isa = PBXBuildFile; fileRef = B18F25DA2BBF7C1700C824EE /* LoadingStatusProtocol.swift */; };
		B1BF1DF02BA3E2CE002C0532 /* Throttle.swift in Sources */ = {isa = PBXBuildFile; fileRef = B1BF1DEF2BA3E2CE002C0532 /* Throttle.swift */; };
/* End PBXBuildFile section */

/* Begin PBXFileReference section */
		B10C6DE42BA28A970011F1C7 /* SearchViewModel.swift */ = {isa = PBXFileReference; lastKnownFileType = sourcecode.swift; path = SearchViewModel.swift; sourceTree = "<group>"; };
		B15B3D672B9AAF3C002D708A /* CustomCollectionViewCell.swift */ = {isa = PBXFileReference; lastKnownFileType = sourcecode.swift; path = CustomCollectionViewCell.swift; sourceTree = "<group>"; };
		B15B3D692B9AC803002D708A /* SearchModel.swift */ = {isa = PBXFileReference; lastKnownFileType = sourcecode.swift; path = SearchModel.swift; sourceTree = "<group>"; };
		B15B3D6B2B9AC837002D708A /* FetchItunesApi.swift */ = {isa = PBXFileReference; lastKnownFileType = sourcecode.swift; path = FetchItunesApi.swift; sourceTree = "<group>"; };
		B16A7B752BBC3E2400D5EA4A /* BaseControllerProtocol.swift */ = {isa = PBXFileReference; lastKnownFileType = sourcecode.swift; path = BaseControllerProtocol.swift; sourceTree = "<group>"; };
		B176491C2B9A7F2700D01241 /* ItunesSearchApp(MVVM).app */ = {isa = PBXFileReference; explicitFileType = wrapper.application; includeInIndex = 0; path = "ItunesSearchApp(MVVM).app"; sourceTree = BUILT_PRODUCTS_DIR; };
		B176491F2B9A7F2700D01241 /* AppDelegate.swift */ = {isa = PBXFileReference; lastKnownFileType = sourcecode.swift; path = AppDelegate.swift; sourceTree = "<group>"; };
		B17649212B9A7F2700D01241 /* SceneDelegate.swift */ = {isa = PBXFileReference; lastKnownFileType = sourcecode.swift; path = SceneDelegate.swift; sourceTree = "<group>"; };
		B17649282B9A7F2800D01241 /* Assets.xcassets */ = {isa = PBXFileReference; lastKnownFileType = folder.assetcatalog; path = Assets.xcassets; sourceTree = "<group>"; };
		B176492B2B9A7F2800D01241 /* Base */ = {isa = PBXFileReference; lastKnownFileType = file.storyboard; name = Base; path = Base.lproj/LaunchScreen.storyboard; sourceTree = "<group>"; };
		B176492D2B9A7F2800D01241 /* Info.plist */ = {isa = PBXFileReference; lastKnownFileType = text.plist.xml; path = Info.plist; sourceTree = "<group>"; };
		B17649332B9A820F00D01241 /* SearchViewController.swift */ = {isa = PBXFileReference; lastKnownFileType = sourcecode.swift; path = SearchViewController.swift; sourceTree = "<group>"; };
		B18F25D62BBF7B2800C824EE /* BaseViewController.swift */ = {isa = PBXFileReference; lastKnownFileType = sourcecode.swift; path = BaseViewController.swift; sourceTree = "<group>"; };
		B18F25D82BBF7B7A00C824EE /* BaseViewControllerProtocol.swift */ = {isa = PBXFileReference; lastKnownFileType = sourcecode.swift; path = BaseViewControllerProtocol.swift; sourceTree = "<group>"; };
		B18F25DA2BBF7C1700C824EE /* LoadingStatusProtocol.swift */ = {isa = PBXFileReference; lastKnownFileType = sourcecode.swift; path = LoadingStatusProtocol.swift; sourceTree = "<group>"; };
		B1BF1DEF2BA3E2CE002C0532 /* Throttle.swift */ = {isa = PBXFileReference; lastKnownFileType = sourcecode.swift; path = Throttle.swift; sourceTree = "<group>"; };
/* End PBXFileReference section */

/* Begin PBXFrameworksBuildPhase section */
		B17649192B9A7F2700D01241 /* Frameworks */ = {
			isa = PBXFrameworksBuildPhase;
			buildActionMask = 2147483647;
			files = (
				B15B3D642B9A84DE002D708A /* SnapKit in Frameworks */,
				B15B3D662B9A84DE002D708A /* SnapKit-Dynamic in Frameworks */,
			);
			runOnlyForDeploymentPostprocessing = 0;
		};
/* End PBXFrameworksBuildPhase section */

/* Begin PBXGroup section */
		B16A7B772BBC3E5300D5EA4A /* Protocol */ = {
			isa = PBXGroup;
			children = (
				B16A7B752BBC3E2400D5EA4A /* BaseControllerProtocol.swift */,
				B18F25D82BBF7B7A00C824EE /* BaseViewControllerProtocol.swift */,
				B18F25DA2BBF7C1700C824EE /* LoadingStatusProtocol.swift */,
			);
			path = Protocol;
			sourceTree = "<group>";
		};
		B16A7B802BBCFCCF00D5EA4A /* View */ = {
			isa = PBXGroup;
			children = (
				B15B3D672B9AAF3C002D708A /* CustomCollectionViewCell.swift */,
				B17649332B9A820F00D01241 /* SearchViewController.swift */,
			);
			path = View;
			sourceTree = "<group>";
		};
		B16A7B812BBCFCD900D5EA4A /* ViewModel */ = {
			isa = PBXGroup;
			children = (
				B10C6DE42BA28A970011F1C7 /* SearchViewModel.swift */,
			);
			path = ViewModel;
			sourceTree = "<group>";
		};
		B16A7B822BBCFCE500D5EA4A /* Model */ = {
			isa = PBXGroup;
			children = (
				B15B3D692B9AC803002D708A /* SearchModel.swift */,
			);
			path = Model;
			sourceTree = "<group>";
		};
		B16A7B852BBCFD7A00D5EA4A /* Network */ = {
			isa = PBXGroup;
			children = (
				B15B3D6B2B9AC837002D708A /* FetchItunesApi.swift */,
			);
			path = Network;
			sourceTree = "<group>";
		};
		B16A7B862BBCFD8F00D5EA4A /* Utils */ = {
			isa = PBXGroup;
			children = (
				B1BF1DEF2BA3E2CE002C0532 /* Throttle.swift */,
			);
			path = Utils;
			sourceTree = "<group>";
		};
		B17649132B9A7F2700D01241 = {
			isa = PBXGroup;
			children = (
				B176491E2B9A7F2700D01241 /* ItunesSearchApp(MVVM) */,
				B176491D2B9A7F2700D01241 /* Products */,
			);
			sourceTree = "<group>";
		};
		B176491D2B9A7F2700D01241 /* Products */ = {
			isa = PBXGroup;
			children = (
				B176491C2B9A7F2700D01241 /* ItunesSearchApp(MVVM).app */,
			);
			name = Products;
			sourceTree = "<group>";
		};
		B176491E2B9A7F2700D01241 /* ItunesSearchApp(MVVM) */ = {
			isa = PBXGroup;
			children = (
				B16A7B772BBC3E5300D5EA4A /* Protocol */,
				B18F25D52BBF7B0800C824EE /* Base */,
				B16A7B822BBCFCE500D5EA4A /* Model */,
				B16A7B802BBCFCCF00D5EA4A /* View */,
				B16A7B812BBCFCD900D5EA4A /* ViewModel */,
				B16A7B852BBCFD7A00D5EA4A /* Network */,
				B16A7B862BBCFD8F00D5EA4A /* Utils */,
				B176491F2B9A7F2700D01241 /* AppDelegate.swift */,
				B17649212B9A7F2700D01241 /* SceneDelegate.swift */,
				B17649282B9A7F2800D01241 /* Assets.xcassets */,
				B176492A2B9A7F2800D01241 /* LaunchScreen.storyboard */,
				B176492D2B9A7F2800D01241 /* Info.plist */,
			);
			path = "ItunesSearchApp(MVVM)";
			sourceTree = "<group>";
		};
		B18F25D52BBF7B0800C824EE /* Base */ = {
			isa = PBXGroup;
			children = (
				B18F25D62BBF7B2800C824EE /* BaseViewController.swift */,
			);
			path = Base;
			sourceTree = "<group>";
		};
/* End PBXGroup section */

/* Begin PBXNativeTarget section */
		B176491B2B9A7F2700D01241 /* ItunesSearchApp(MVVM) */ = {
			isa = PBXNativeTarget;
			buildConfigurationList = B17649302B9A7F2800D01241 /* Build configuration list for PBXNativeTarget "ItunesSearchApp(MVVM)" */;
			buildPhases = (
				B17649182B9A7F2700D01241 /* Sources */,
				B17649192B9A7F2700D01241 /* Frameworks */,
				B176491A2B9A7F2700D01241 /* Resources */,
			);
			buildRules = (
			);
			dependencies = (
			);
			name = "ItunesSearchApp(MVVM)";
			packageProductDependencies = (
				B15B3D632B9A84DE002D708A /* SnapKit */,
				B15B3D652B9A84DE002D708A /* SnapKit-Dynamic */,
			);
			productName = "ItunesSearchApp(MVVM)";
			productReference = B176491C2B9A7F2700D01241 /* ItunesSearchApp(MVVM).app */;
			productType = "com.apple.product-type.application";
		};
/* End PBXNativeTarget section */

/* Begin PBXProject section */
		B17649142B9A7F2700D01241 /* Project object */ = {
			isa = PBXProject;
			attributes = {
				BuildIndependentTargetsInParallel = 1;
				LastSwiftUpdateCheck = 1530;
				LastUpgradeCheck = 1530;
				TargetAttributes = {
					B176491B2B9A7F2700D01241 = {
						CreatedOnToolsVersion = 15.3;
					};
				};
			};
			buildConfigurationList = B17649172B9A7F2700D01241 /* Build configuration list for PBXProject "ItunesSearchApp(MVVM)" */;
			compatibilityVersion = "Xcode 14.0";
			developmentRegion = en;
			hasScannedForEncodings = 0;
			knownRegions = (
				en,
				Base,
			);
			mainGroup = B17649132B9A7F2700D01241;
			packageReferences = (
				B15B3D622B9A84DE002D708A /* XCRemoteSwiftPackageReference "SnapKit" */,
			);
			productRefGroup = B176491D2B9A7F2700D01241 /* Products */;
			projectDirPath = "";
			projectRoot = "";
			targets = (
				B176491B2B9A7F2700D01241 /* ItunesSearchApp(MVVM) */,
			);
		};
/* End PBXProject section */

/* Begin PBXResourcesBuildPhase section */
		B176491A2B9A7F2700D01241 /* Resources */ = {
			isa = PBXResourcesBuildPhase;
			buildActionMask = 2147483647;
			files = (
				B17649292B9A7F2800D01241 /* Assets.xcassets in Resources */,
				B176492C2B9A7F2800D01241 /* Base in Resources */,
			);
			runOnlyForDeploymentPostprocessing = 0;
		};
/* End PBXResourcesBuildPhase section */

/* Begin PBXSourcesBuildPhase section */
		B17649182B9A7F2700D01241 /* Sources */ = {
			isa = PBXSourcesBuildPhase;
			buildActionMask = 2147483647;
			files = (
				B18F25DB2BBF7C1700C824EE /* LoadingStatusProtocol.swift in Sources */,
				B17649342B9A820F00D01241 /* SearchViewController.swift in Sources */,
				B10C6DE52BA28A970011F1C7 /* SearchViewModel.swift in Sources */,
				B17649202B9A7F2700D01241 /* AppDelegate.swift in Sources */,
				B15B3D6C2B9AC837002D708A /* FetchItunesApi.swift in Sources */,
				B17649222B9A7F2700D01241 /* SceneDelegate.swift in Sources */,
				B18F25D72BBF7B2800C824EE /* BaseViewController.swift in Sources */,
				B16A7B762BBC3E2400D5EA4A /* BaseControllerProtocol.swift in Sources */,
				B15B3D6A2B9AC803002D708A /* SearchModel.swift in Sources */,
				B15B3D682B9AAF3C002D708A /* CustomCollectionViewCell.swift in Sources */,
				B1BF1DF02BA3E2CE002C0532 /* Throttle.swift in Sources */,
				B18F25D92BBF7B7A00C824EE /* BaseViewControllerProtocol.swift in Sources */,
			);
			runOnlyForDeploymentPostprocessing = 0;
		};
/* End PBXSourcesBuildPhase section */

/* Begin PBXVariantGroup section */
		B176492A2B9A7F2800D01241 /* LaunchScreen.storyboard */ = {
			isa = PBXVariantGroup;
			children = (
				B176492B2B9A7F2800D01241 /* Base */,
			);
			name = LaunchScreen.storyboard;
			sourceTree = "<group>";
		};
/* End PBXVariantGroup section */

/* Begin XCBuildConfiguration section */
		B176492E2B9A7F2800D01241 /* Debug */ = {
			isa = XCBuildConfiguration;
			buildSettings = {
				ALWAYS_SEARCH_USER_PATHS = NO;
				ASSETCATALOG_COMPILER_GENERATE_SWIFT_ASSET_SYMBOL_EXTENSIONS = YES;
				CLANG_ANALYZER_NONNULL = YES;
				CLANG_ANALYZER_NUMBER_OBJECT_CONVERSION = YES_AGGRESSIVE;
				CLANG_CXX_LANGUAGE_STANDARD = "gnu++20";
				CLANG_ENABLE_MODULES = YES;
				CLANG_ENABLE_OBJC_ARC = YES;
				CLANG_ENABLE_OBJC_WEAK = YES;
				CLANG_WARN_BLOCK_CAPTURE_AUTORELEASING = YES;
				CLANG_WARN_BOOL_CONVERSION = YES;
				CLANG_WARN_COMMA = YES;
				CLANG_WARN_CONSTANT_CONVERSION = YES;
				CLANG_WARN_DEPRECATED_OBJC_IMPLEMENTATIONS = YES;
				CLANG_WARN_DIRECT_OBJC_ISA_USAGE = YES_ERROR;
				CLANG_WARN_DOCUMENTATION_COMMENTS = YES;
				CLANG_WARN_EMPTY_BODY = YES;
				CLANG_WARN_ENUM_CONVERSION = YES;
				CLANG_WARN_INFINITE_RECURSION = YES;
				CLANG_WARN_INT_CONVERSION = YES;
				CLANG_WARN_NON_LITERAL_NULL_CONVERSION = YES;
				CLANG_WARN_OBJC_IMPLICIT_RETAIN_SELF = YES;
				CLANG_WARN_OBJC_LITERAL_CONVERSION = YES;
				CLANG_WARN_OBJC_ROOT_CLASS = YES_ERROR;
				CLANG_WARN_QUOTED_INCLUDE_IN_FRAMEWORK_HEADER = YES;
				CLANG_WARN_RANGE_LOOP_ANALYSIS = YES;
				CLANG_WARN_STRICT_PROTOTYPES = YES;
				CLANG_WARN_SUSPICIOUS_MOVE = YES;
				CLANG_WARN_UNGUARDED_AVAILABILITY = YES_AGGRESSIVE;
				CLANG_WARN_UNREACHABLE_CODE = YES;
				CLANG_WARN__DUPLICATE_METHOD_MATCH = YES;
				COPY_PHASE_STRIP = NO;
				DEBUG_INFORMATION_FORMAT = dwarf;
				ENABLE_STRICT_OBJC_MSGSEND = YES;
				ENABLE_TESTABILITY = YES;
				ENABLE_USER_SCRIPT_SANDBOXING = YES;
				GCC_C_LANGUAGE_STANDARD = gnu17;
				GCC_DYNAMIC_NO_PIC = NO;
				GCC_NO_COMMON_BLOCKS = YES;
				GCC_OPTIMIZATION_LEVEL = 0;
				GCC_PREPROCESSOR_DEFINITIONS = (
					"DEBUG=1",
					"$(inherited)",
				);
				GCC_WARN_64_TO_32_BIT_CONVERSION = YES;
				GCC_WARN_ABOUT_RETURN_TYPE = YES_ERROR;
				GCC_WARN_UNDECLARED_SELECTOR = YES;
				GCC_WARN_UNINITIALIZED_AUTOS = YES_AGGRESSIVE;
				GCC_WARN_UNUSED_FUNCTION = YES;
				GCC_WARN_UNUSED_VARIABLE = YES;
				IPHONEOS_DEPLOYMENT_TARGET = 17.4;
				LOCALIZATION_PREFERS_STRING_CATALOGS = YES;
				MTL_ENABLE_DEBUG_INFO = INCLUDE_SOURCE;
				MTL_FAST_MATH = YES;
				ONLY_ACTIVE_ARCH = YES;
				SDKROOT = iphoneos;
				SWIFT_ACTIVE_COMPILATION_CONDITIONS = "DEBUG $(inherited)";
				SWIFT_OPTIMIZATION_LEVEL = "-Onone";
			};
			name = Debug;
		};
		B176492F2B9A7F2800D01241 /* Release */ = {
			isa = XCBuildConfiguration;
			buildSettings = {
				ALWAYS_SEARCH_USER_PATHS = NO;
				ASSETCATALOG_COMPILER_GENERATE_SWIFT_ASSET_SYMBOL_EXTENSIONS = YES;
				CLANG_ANALYZER_NONNULL = YES;
				CLANG_ANALYZER_NUMBER_OBJECT_CONVERSION = YES_AGGRESSIVE;
				CLANG_CXX_LANGUAGE_STANDARD = "gnu++20";
				CLANG_ENABLE_MODULES = YES;
				CLANG_ENABLE_OBJC_ARC = YES;
				CLANG_ENABLE_OBJC_WEAK = YES;
				CLANG_WARN_BLOCK_CAPTURE_AUTORELEASING = YES;
				CLANG_WARN_BOOL_CONVERSION = YES;
				CLANG_WARN_COMMA = YES;
				CLANG_WARN_CONSTANT_CONVERSION = YES;
				CLANG_WARN_DEPRECATED_OBJC_IMPLEMENTATIONS = YES;
				CLANG_WARN_DIRECT_OBJC_ISA_USAGE = YES_ERROR;
				CLANG_WARN_DOCUMENTATION_COMMENTS = YES;
				CLANG_WARN_EMPTY_BODY = YES;
				CLANG_WARN_ENUM_CONVERSION = YES;
				CLANG_WARN_INFINITE_RECURSION = YES;
				CLANG_WARN_INT_CONVERSION = YES;
				CLANG_WARN_NON_LITERAL_NULL_CONVERSION = YES;
				CLANG_WARN_OBJC_IMPLICIT_RETAIN_SELF = YES;
				CLANG_WARN_OBJC_LITERAL_CONVERSION = YES;
				CLANG_WARN_OBJC_ROOT_CLASS = YES_ERROR;
				CLANG_WARN_QUOTED_INCLUDE_IN_FRAMEWORK_HEADER = YES;
				CLANG_WARN_RANGE_LOOP_ANALYSIS = YES;
				CLANG_WARN_STRICT_PROTOTYPES = YES;
				CLANG_WARN_SUSPICIOUS_MOVE = YES;
				CLANG_WARN_UNGUARDED_AVAILABILITY = YES_AGGRESSIVE;
				CLANG_WARN_UNREACHABLE_CODE = YES;
				CLANG_WARN__DUPLICATE_METHOD_MATCH = YES;
				COPY_PHASE_STRIP = NO;
				DEBUG_INFORMATION_FORMAT = "dwarf-with-dsym";
				ENABLE_NS_ASSERTIONS = NO;
				ENABLE_STRICT_OBJC_MSGSEND = YES;
				ENABLE_USER_SCRIPT_SANDBOXING = YES;
				GCC_C_LANGUAGE_STANDARD = gnu17;
				GCC_NO_COMMON_BLOCKS = YES;
				GCC_WARN_64_TO_32_BIT_CONVERSION = YES;
				GCC_WARN_ABOUT_RETURN_TYPE = YES_ERROR;
				GCC_WARN_UNDECLARED_SELECTOR = YES;
				GCC_WARN_UNINITIALIZED_AUTOS = YES_AGGRESSIVE;
				GCC_WARN_UNUSED_FUNCTION = YES;
				GCC_WARN_UNUSED_VARIABLE = YES;
				IPHONEOS_DEPLOYMENT_TARGET = 17.4;
				LOCALIZATION_PREFERS_STRING_CATALOGS = YES;
				MTL_ENABLE_DEBUG_INFO = NO;
				MTL_FAST_MATH = YES;
				SDKROOT = iphoneos;
				SWIFT_COMPILATION_MODE = wholemodule;
				VALIDATE_PRODUCT = YES;
			};
			name = Release;
		};
		B17649312B9A7F2800D01241 /* Debug */ = {
			isa = XCBuildConfiguration;
			buildSettings = {
				ASSETCATALOG_COMPILER_APPICON_NAME = AppIcon;
				ASSETCATALOG_COMPILER_GLOBAL_ACCENT_COLOR_NAME = AccentColor;
				CODE_SIGN_STYLE = Automatic;
				CURRENT_PROJECT_VERSION = 1;
				DEVELOPMENT_TEAM = TF48UQ5NV2;
				GENERATE_INFOPLIST_FILE = YES;
				INFOPLIST_FILE = "ItunesSearchApp(MVVM)/Info.plist";
				INFOPLIST_KEY_UIApplicationSupportsIndirectInputEvents = YES;
				INFOPLIST_KEY_UILaunchStoryboardName = LaunchScreen;
				INFOPLIST_KEY_UISupportedInterfaceOrientations_iPad = "UIInterfaceOrientationPortrait UIInterfaceOrientationPortraitUpsideDown UIInterfaceOrientationLandscapeLeft UIInterfaceOrientationLandscapeRight";
				INFOPLIST_KEY_UISupportedInterfaceOrientations_iPhone = "UIInterfaceOrientationPortrait UIInterfaceOrientationLandscapeLeft UIInterfaceOrientationLandscapeRight";
				LD_RUNPATH_SEARCH_PATHS = (
					"$(inherited)",
					"@executable_path/Frameworks",
				);
				MARKETING_VERSION = 1.0;
				PRODUCT_BUNDLE_IDENTIFIER = "com.emrahzorlu.ItunesSearchApp-MVVM-";
				PRODUCT_NAME = "$(TARGET_NAME)";
				SWIFT_EMIT_LOC_STRINGS = YES;
				SWIFT_VERSION = 5.0;
				TARGETED_DEVICE_FAMILY = "1,2";
			};
			name = Debug;
		};
		B17649322B9A7F2800D01241 /* Release */ = {
			isa = XCBuildConfiguration;
			buildSettings = {
				ASSETCATALOG_COMPILER_APPICON_NAME = AppIcon;
				ASSETCATALOG_COMPILER_GLOBAL_ACCENT_COLOR_NAME = AccentColor;
				CODE_SIGN_STYLE = Automatic;
				CURRENT_PROJECT_VERSION = 1;
				DEVELOPMENT_TEAM = TF48UQ5NV2;
				GENERATE_INFOPLIST_FILE = YES;
				INFOPLIST_FILE = "ItunesSearchApp(MVVM)/Info.plist";
				INFOPLIST_KEY_UIApplicationSupportsIndirectInputEvents = YES;
				INFOPLIST_KEY_UILaunchStoryboardName = LaunchScreen;
				INFOPLIST_KEY_UISupportedInterfaceOrientations_iPad = "UIInterfaceOrientationPortrait UIInterfaceOrientationPortraitUpsideDown UIInterfaceOrientationLandscapeLeft UIInterfaceOrientationLandscapeRight";
				INFOPLIST_KEY_UISupportedInterfaceOrientations_iPhone = "UIInterfaceOrientationPortrait UIInterfaceOrientationLandscapeLeft UIInterfaceOrientationLandscapeRight";
				LD_RUNPATH_SEARCH_PATHS = (
					"$(inherited)",
					"@executable_path/Frameworks",
				);
				MARKETING_VERSION = 1.0;
				PRODUCT_BUNDLE_IDENTIFIER = "com.emrahzorlu.ItunesSearchApp-MVVM-";
				PRODUCT_NAME = "$(TARGET_NAME)";
				SWIFT_EMIT_LOC_STRINGS = YES;
				SWIFT_VERSION = 5.0;
				TARGETED_DEVICE_FAMILY = "1,2";
			};
			name = Release;
		};
/* End XCBuildConfiguration section */

/* Begin XCConfigurationList section */
		B17649172B9A7F2700D01241 /* Build configuration list for PBXProject "ItunesSearchApp(MVVM)" */ = {
			isa = XCConfigurationList;
			buildConfigurations = (
				B176492E2B9A7F2800D01241 /* Debug */,
				B176492F2B9A7F2800D01241 /* Release */,
			);
			defaultConfigurationIsVisible = 0;
			defaultConfigurationName = Release;
		};
		B17649302B9A7F2800D01241 /* Build configuration list for PBXNativeTarget "ItunesSearchApp(MVVM)" */ = {
			isa = XCConfigurationList;
			buildConfigurations = (
				B17649312B9A7F2800D01241 /* Debug */,
				B17649322B9A7F2800D01241 /* Release */,
			);
			defaultConfigurationIsVisible = 0;
			defaultConfigurationName = Release;
		};
/* End XCConfigurationList section */

/* Begin XCRemoteSwiftPackageReference section */
		B15B3D622B9A84DE002D708A /* XCRemoteSwiftPackageReference "SnapKit" */ = {
			isa = XCRemoteSwiftPackageReference;
			repositoryURL = "https://github.com/SnapKit/SnapKit.git";
			requirement = {
				kind = upToNextMajorVersion;
				minimumVersion = 5.7.1;
			};
		};
/* End XCRemoteSwiftPackageReference section */

/* Begin XCSwiftPackageProductDependency section */
		B15B3D632B9A84DE002D708A /* SnapKit */ = {
			isa = XCSwiftPackageProductDependency;
			package = B15B3D622B9A84DE002D708A /* XCRemoteSwiftPackageReference "SnapKit" */;
			productName = SnapKit;
		};
		B15B3D652B9A84DE002D708A /* SnapKit-Dynamic */ = {
			isa = XCSwiftPackageProductDependency;
			package = B15B3D622B9A84DE002D708A /* XCRemoteSwiftPackageReference "SnapKit" */;
			productName = "SnapKit-Dynamic";
		};
/* End XCSwiftPackageProductDependency section */
	};
	rootObject = B17649142B9A7F2700D01241 /* Project object */;
}
